
Microsoft Visual Studio Solution File, Format Version 12.00
# Visual Studio Version 16
VisualStudioVersion = 16.0.31205.134
MinimumVisualStudioVersion = 10.0.40219.1
Project("{FAE04EC0-301F-11D3-BF4B-00C04F79EFBC}") = "MotelManager", "MotelManager\MotelManager.csproj", "{8E088474-7E30-439F-919E-18541B27B17D}"
EndProject
Global
	GlobalSection(SolutionConfigurationPlatforms) = preSolution
		Debug|Any CPU = Debug|Any CPU
		Release|Any CPU = Release|Any CPU
	EndGlobalSection
	GlobalSection(ProjectConfigurationPlatforms) = postSolution
		{8E088474-7E30-439F-919E-18541B27B17D}.Debug|Any CPU.ActiveCfg = Debug|Any CPU
		{8E088474-7E30-439F-919E-18541B27B17D}.Debug|Any CPU.Build.0 = Debug|Any CPU
		{8E088474-7E30-439F-919E-18541B27B17D}.Release|Any CPU.ActiveCfg = Release|Any CPU
		{8E088474-7E30-439F-919E-18541B27B17D}.Release|Any CPU.Build.0 = Release|Any CPU
	EndGlobalSection
	GlobalSection(SolutionProperties) = preSolution
		HideSolutionNode = FALSE
	EndGlobalSection
	GlobalSection(ExtensibilityGlobals) = postSolution
		SolutionGuid = {721B93DF-946F-445C-9007-5BE00A885D42}
	EndGlobalSection
EndGlobal
